// !$*UTF8*$!
{
	archiveVersion = 1;
	classes = {
	};
	objectVersion = 50;
	objects = {

/* Begin PBXBuildFile section */
		A0950B9B25E9AC3B005A1BBE /* CDeclTest.c in Sources */ = {isa = PBXBuildFile; fileRef = A0950B8E25E9A876005A1BBE /* CDeclTest.c */; };
/* End PBXBuildFile section */

/* Begin PBXCopyFilesBuildPhase section */
		A0950B9125E9AC0C005A1BBE /* CopyFiles */ = {
			isa = PBXCopyFilesBuildPhase;
			buildActionMask = 2147483647;
			dstPath = /usr/share/man/man1/;
			dstSubfolderSpec = 0;
			files = (
			);
			runOnlyForDeploymentPostprocessing = 1;
		};
/* End PBXCopyFilesBuildPhase section */

/* Begin PBXFileReference section */
		A0950B6525E90FD3005A1BBE /* asmTests.nasm */ = {isa = PBXFileReference; explicitFileType = sourcecode.asm; path = asmTests.nasm; sourceTree = "<group>"; xcLanguageSpecificationIdentifier = xcode.lang.nasm; };
		A0950B6625E91176005A1BBE /* asmTest.o */ = {isa = PBXFileReference; explicitFileType = "compiled.mach-o"; path = asmTest.o; sourceTree = "<group>"; };
		A0950B6B25E91F5B005A1BBE /* asmLaunch */ = {isa = PBXFileReference; lastKnownFileType = "compiled.mach-o.executable"; path = asmLaunch; sourceTree = "<group>"; };
		A0950B8D25E94A86005A1BBE /* asm.lst */ = {isa = PBXFileReference; lastKnownFileType = text; path = asm.lst; sourceTree = "<group>"; };
		A0950B8E25E9A876005A1BBE /* CDeclTest.c */ = {isa = PBXFileReference; lastKnownFileType = sourcecode.c.c; path = CDeclTest.c; sourceTree = "<group>"; };
		A0950B9325E9AC0C005A1BBE /* CInt */ = {isa = PBXFileReference; explicitFileType = "compiled.mach-o.executable"; includeInIndex = 0; path = CInt; sourceTree = BUILT_PRODUCTS_DIR; };
/* End PBXFileReference section */

/* Begin PBXFrameworksBuildPhase section */
		A0950B9025E9AC0C005A1BBE /* Frameworks */ = {
			isa = PBXFrameworksBuildPhase;
			buildActionMask = 2147483647;
			files = (
			);
			runOnlyForDeploymentPostprocessing = 0;
		};
/* End PBXFrameworksBuildPhase section */

/* Begin PBXGroup section */
		A0950B5A25E90F9C005A1BBE = {
			isa = PBXGroup;
			children = (
				A0950B8E25E9A876005A1BBE /* CDeclTest.c */,
				A0950B6525E90FD3005A1BBE /* asmTests.nasm */,
				A0950B6625E91176005A1BBE /* asmTest.o */,
				A0950B8D25E94A86005A1BBE /* asm.lst */,
				A0950B6B25E91F5B005A1BBE /* asmLaunch */,
				A0950B9325E9AC0C005A1BBE /* CInt */,
			);
			sourceTree = "<group>";
		};
/* End PBXGroup section */

/* Begin PBXLegacyTarget section */
		A0950B5F25E90F9C005A1BBE /* Printf */ = {
			isa = PBXLegacyTarget;
			buildArgumentsString = "$(ACTION_BUILD) $(ACTION_OBJ) $(ACTION_SOURCE)";
			buildConfigurationList = A0950B6225E90F9C005A1BBE /* Build configuration list for PBXLegacyTarget "Printf" */;
			buildPhases = (
			);
			buildToolPath = /usr/local/bin/nasm;
			buildWorkingDirectory = "";
			dependencies = (
			);
			name = Printf;
			passBuildSettingsInEnvironment = 0;
			productName = AsmTest;
		};
		A0950B6725E912CA005A1BBE /* PrintfLink */ = {
			isa = PBXLegacyTarget;
			buildArgumentsString = "$(ACTION_LINK) $(ACTION_PRODUCT)  $(ACTION_OBJ) ";
			buildConfigurationList = A0950B6825E912CA005A1BBE /* Build configuration list for PBXLegacyTarget "PrintfLink" */;
			buildPhases = (
			);
			buildToolPath = /usr/bin/ld;
			buildWorkingDirectory = "";
			dependencies = (
			);
			name = PrintfLink;
			passBuildSettingsInEnvironment = 0;
			productName = AsmTestLink;
		};
/* End PBXLegacyTarget section */

/* Begin PBXNativeTarget section */
		A0950B9225E9AC0C005A1BBE /* CInt */ = {
			isa = PBXNativeTarget;
			buildConfigurationList = A0950B9725E9AC0C005A1BBE /* Build configuration list for PBXNativeTarget "CInt" */;
			buildPhases = (
				A0950B8F25E9AC0C005A1BBE /* Sources */,
				A0950B9025E9AC0C005A1BBE /* Frameworks */,
				A0950B9125E9AC0C005A1BBE /* CopyFiles */,
			);
			buildRules = (
			);
			dependencies = (
			);
			name = CInt;
			productName = CInt;
			productReference = A0950B9325E9AC0C005A1BBE /* CInt */;
			productType = "com.apple.product-type.tool";
		};
/* End PBXNativeTarget section */

/* Begin PBXProject section */
		A0950B5B25E90F9C005A1BBE /* Project object */ = {
			isa = PBXProject;
			attributes = {
				LastSwiftUpdateCheck = 1240;
				LastUpgradeCheck = 1240;
				TargetAttributes = {
					A0950B5F25E90F9C005A1BBE = {
						CreatedOnToolsVersion = 12.4;
					};
					A0950B6725E912CA005A1BBE = {
						CreatedOnToolsVersion = 12.4;
					};
					A0950B9225E9AC0C005A1BBE = {
						CreatedOnToolsVersion = 12.4;
					};
				};
			};
			buildConfigurationList = A0950B5E25E90F9C005A1BBE /* Build configuration list for PBXProject "Printf" */;
			compatibilityVersion = "Xcode 9.3";
			developmentRegion = en;
			hasScannedForEncodings = 0;
			knownRegions = (
				en,
				Base,
			);
			mainGroup = A0950B5A25E90F9C005A1BBE;
			productRefGroup = A0950B5A25E90F9C005A1BBE;
			projectDirPath = "";
			projectRoot = "";
			targets = (
				A0950B5F25E90F9C005A1BBE /* Printf */,
				A0950B6725E912CA005A1BBE /* PrintfLink */,
				A0950B9225E9AC0C005A1BBE /* CInt */,
			);
		};
/* End PBXProject section */

/* Begin PBXSourcesBuildPhase section */
		A0950B8F25E9AC0C005A1BBE /* Sources */ = {
			isa = PBXSourcesBuildPhase;
			buildActionMask = 2147483647;
			files = (
				A0950B9B25E9AC3B005A1BBE /* CDeclTest.c in Sources */,
			);
			runOnlyForDeploymentPostprocessing = 0;
		};
/* End PBXSourcesBuildPhase section */

/* Begin XCBuildConfiguration section */
		A0950B6025E90F9C005A1BBE /* Debug */ = {
			isa = XCBuildConfiguration;
			buildSettings = {
				ACTION_BUILD = "-f macho64 -g -F dwarf -L asm.lst -o";
				ACTION_LINK = "-L/System/Library/Frameworks/OpenGL.framework -L/Library/Developer/CommandLineTools/SDKs/MacOSX.sdk/usr/lib -lSystem -L/System/Library/Frameworks/GLUT.framework -o";
				ACTION_OBJ = asmTest.o;
				ACTION_PRODUCT = asmLaunch;
				ACTION_SOURCE = asmTests.nasm;
			};
			name = Debug;
		};
		A0950B6125E90F9C005A1BBE /* Release */ = {
			isa = XCBuildConfiguration;
			buildSettings = {
				ACTION_BUILD = "-f macho64 -g -F dwarf -L asm.lst -o";
				ACTION_LINK = "-L/System/Library/Frameworks/OpenGL.framework -L/Library/Developer/CommandLineTools/SDKs/MacOSX.sdk/usr/lib -lSystem -L/System/Library/Frameworks/GLUT.framework -o";
				ACTION_OBJ = asmTest.o;
				ACTION_PRODUCT = asmLaunch;
				ACTION_SOURCE = asmTests.nasm;
			};
			name = Release;
		};
		A0950B6325E90F9C005A1BBE /* Debug */ = {
			isa = XCBuildConfiguration;
			buildSettings = {
			};
			name = Debug;
		};
		A0950B6425E90F9C005A1BBE /* Release */ = {
			isa = XCBuildConfiguration;
			buildSettings = {
			};
			name = Release;
		};
		A0950B6925E912CA005A1BBE /* Debug */ = {
			isa = XCBuildConfiguration;
			buildSettings = {
			};
			name = Debug;
		};
		A0950B6A25E912CA005A1BBE /* Release */ = {
			isa = XCBuildConfiguration;
			buildSettings = {
			};
			name = Release;
		};
		A0950B9825E9AC0C005A1BBE /* Debug */ = {
			isa = XCBuildConfiguration;
			buildSettings = {
				ALWAYS_SEARCH_USER_PATHS = NO;
				CLANG_ANALYZER_NONNULL = YES;
				CLANG_ANALYZER_NUMBER_OBJECT_CONVERSION = YES_AGGRESSIVE;
				CLANG_CXX_LANGUAGE_STANDARD = "gnu++14";
				CLANG_CXX_LIBRARY = "libc++";
				CLANG_ENABLE_MODULES = YES;
				CLANG_ENABLE_OBJC_ARC = YES;
				CLANG_ENABLE_OBJC_WEAK = YES;
				CLANG_WARN_BLOCK_CAPTURE_AUTORELEASING = YES;
				CLANG_WARN_BOOL_CONVERSION = YES;
				CLANG_WARN_COMMA = YES;
				CLANG_WARN_CONSTANT_CONVERSION = YES;
				CLANG_WARN_DEPRECATED_OBJC_IMPLEMENTATIONS = YES;
				CLANG_WARN_DIRECT_OBJC_ISA_USAGE = YES_ERROR;
				CLANG_WARN_DOCUMENTATION_COMMENTS = YES;
				CLANG_WARN_EMPTY_BODY = YES;
				CLANG_WARN_ENUM_CONVERSION = YES;
				CLANG_WARN_INFINITE_RECURSION = YES;
				CLANG_WARN_INT_CONVERSION = YES;
				CLANG_WARN_NON_LITERAL_NULL_CONVERSION = YES;
				CLANG_WARN_OBJC_IMPLICIT_RETAIN_SELF = YES;
				CLANG_WARN_OBJC_LITERAL_CONVERSION = YES;
				CLANG_WARN_OBJC_ROOT_CLASS = YES_ERROR;
				CLANG_WARN_QUOTED_INCLUDE_IN_FRAMEWORK_HEADER = YES;
				CLANG_WARN_RANGE_LOOP_ANALYSIS = YES;
				CLANG_WARN_STRICT_PROTOTYPES = YES;
				CLANG_WARN_SUSPICIOUS_MOVE = YES;
				CLANG_WARN_UNGUARDED_AVAILABILITY = YES_AGGRESSIVE;
				CLANG_WARN_UNREACHABLE_CODE = YES;
				CLANG_WARN__DUPLICATE_METHOD_MATCH = YES;
				CODE_SIGN_STYLE = Automatic;
				COPY_PHASE_STRIP = NO;
				DEBUG_INFORMATION_FORMAT = dwarf;
				DEVELOPMENT_TEAM = 7D49J2XMDA;
				ENABLE_HARDENED_RUNTIME = YES;
				ENABLE_STRICT_OBJC_MSGSEND = YES;
				ENABLE_TESTABILITY = YES;
				GCC_C_LANGUAGE_STANDARD = c99;
				GCC_DYNAMIC_NO_PIC = NO;
				GCC_NO_COMMON_BLOCKS = YES;
				GCC_OPTIMIZATION_LEVEL = 0;
				GCC_PREPROCESSOR_DEFINITIONS = (
					"DEBUG=1",
					"$(inherited)",
				);
				GCC_WARN_64_TO_32_BIT_CONVERSION = YES;
				GCC_WARN_ABOUT_RETURN_TYPE = YES_ERROR;
				GCC_WARN_UNDECLARED_SELECTOR = YES;
				GCC_WARN_UNINITIALIZED_AUTOS = YES_AGGRESSIVE;
				GCC_WARN_UNUSED_FUNCTION = YES;
				GCC_WARN_UNUSED_VARIABLE = YES;
				MACOSX_DEPLOYMENT_TARGET = 11.1;
				MTL_ENABLE_DEBUG_INFO = INCLUDE_SOURCE;
				MTL_FAST_MATH = YES;
				ONLY_ACTIVE_ARCH = YES;
				OTHER_CFLAGS = "-mno-rtd";
				OTHER_LDFLAGS = asmTest.o;
				PRODUCT_NAME = "$(TARGET_NAME)";
				SDKROOT = macosx;
			};
			name = Debug;
		};
		A0950B9925E9AC0C005A1BBE /* Release */ = {
			isa = XCBuildConfiguration;
			buildSettings = {
				ALWAYS_SEARCH_USER_PATHS = NO;
				CLANG_ANALYZER_NONNULL = YES;
				CLANG_ANALYZER_NUMBER_OBJECT_CONVERSION = YES_AGGRESSIVE;
				CLANG_CXX_LANGUAGE_STANDARD = "gnu++14";
				CLANG_CXX_LIBRARY = "libc++";
				CLANG_ENABLE_MODULES = YES;
				CLANG_ENABLE_OBJC_ARC = YES;
				CLANG_ENABLE_OBJC_WEAK = YES;
				CLANG_WARN_BLOCK_CAPTURE_AUTORELEASING = YES;
				CLANG_WARN_BOOL_CONVERSION = YES;
				CLANG_WARN_COMMA = YES;
				CLANG_WARN_CONSTANT_CONVERSION = YES;
				CLANG_WARN_DEPRECATED_OBJC_IMPLEMENTATIONS = YES;
				CLANG_WARN_DIRECT_OBJC_ISA_USAGE = YES_ERROR;
				CLANG_WARN_DOCUMENTATION_COMMENTS = YES;
				CLANG_WARN_EMPTY_BODY = YES;
				CLANG_WARN_ENUM_CONVERSION = YES;
				CLANG_WARN_INFINITE_RECURSION = YES;
				CLANG_WARN_INT_CONVERSION = YES;
				CLANG_WARN_NON_LITERAL_NULL_CONVERSION = YES;
				CLANG_WARN_OBJC_IMPLICIT_RETAIN_SELF = YES;
				CLANG_WARN_OBJC_LITERAL_CONVERSION = YES;
				CLANG_WARN_OBJC_ROOT_CLASS = YES_ERROR;
				CLANG_WARN_QUOTED_INCLUDE_IN_FRAMEWORK_HEADER = YES;
				CLANG_WARN_RANGE_LOOP_ANALYSIS = YES;
				CLANG_WARN_STRICT_PROTOTYPES = YES;
				CLANG_WARN_SUSPICIOUS_MOVE = YES;
				CLANG_WARN_UNGUARDED_AVAILABILITY = YES_AGGRESSIVE;
				CLANG_WARN_UNREACHABLE_CODE = YES;
				CLANG_WARN__DUPLICATE_METHOD_MATCH = YES;
				CODE_SIGN_STYLE = Automatic;
				COPY_PHASE_STRIP = NO;
				DEBUG_INFORMATION_FORMAT = "dwarf-with-dsym";
				DEVELOPMENT_TEAM = 7D49J2XMDA;
				ENABLE_HARDENED_RUNTIME = YES;
				ENABLE_NS_ASSERTIONS = NO;
				ENABLE_STRICT_OBJC_MSGSEND = YES;
				GCC_C_LANGUAGE_STANDARD = c99;
				GCC_NO_COMMON_BLOCKS = YES;
				GCC_WARN_64_TO_32_BIT_CONVERSION = YES;
				GCC_WARN_ABOUT_RETURN_TYPE = YES_ERROR;
				GCC_WARN_UNDECLARED_SELECTOR = YES;
				GCC_WARN_UNINITIALIZED_AUTOS = YES_AGGRESSIVE;
				GCC_WARN_UNUSED_FUNCTION = YES;
				GCC_WARN_UNUSED_VARIABLE = YES;
				MACOSX_DEPLOYMENT_TARGET = 11.1;
				MTL_ENABLE_DEBUG_INFO = NO;
				MTL_FAST_MATH = YES;
				OTHER_CFLAGS = "-mno-rtd";
				OTHER_LDFLAGS = asmTest.o;
				PRODUCT_NAME = "$(TARGET_NAME)";
				SDKROOT = macosx;
			};
			name = Release;
		};
/* End XCBuildConfiguration section */

/* Begin XCConfigurationList section */
		A0950B5E25E90F9C005A1BBE /* Build configuration list for PBXProject "Printf" */ = {
			isa = XCConfigurationList;
			buildConfigurations = (
				A0950B6025E90F9C005A1BBE /* Debug */,
				A0950B6125E90F9C005A1BBE /* Release */,
			);
			defaultConfigurationIsVisible = 0;
			defaultConfigurationName = Release;
		};
		A0950B6225E90F9C005A1BBE /* Build configuration list for PBXLegacyTarget "Printf" */ = {
			isa = XCConfigurationList;
			buildConfigurations = (
				A0950B6325E90F9C005A1BBE /* Debug */,
				A0950B6425E90F9C005A1BBE /* Release */,
			);
			defaultConfigurationIsVisible = 0;
			defaultConfigurationName = Release;
		};
		A0950B6825E912CA005A1BBE /* Build configuration list for PBXLegacyTarget "PrintfLink" */ = {
			isa = XCConfigurationList;
			buildConfigurations = (
				A0950B6925E912CA005A1BBE /* Debug */,
				A0950B6A25E912CA005A1BBE /* Release */,
			);
			defaultConfigurationIsVisible = 0;
			defaultConfigurationName = Release;
		};
		A0950B9725E9AC0C005A1BBE /* Build configuration list for PBXNativeTarget "CInt" */ = {
			isa = XCConfigurationList;
			buildConfigurations = (
				A0950B9825E9AC0C005A1BBE /* Debug */,
				A0950B9925E9AC0C005A1BBE /* Release */,
			);
			defaultConfigurationIsVisible = 0;
			defaultConfigurationName = Release;
		};
/* End XCConfigurationList section */
	};
	rootObject = A0950B5B25E90F9C005A1BBE /* Project object */;
}
